PODS:
  - OLibffi (3.3.0)

DEPENDENCIES:
  - "OLibffi (from `git@github.com:orzcrz/libffi.git`)"

EXTERNAL SOURCES:
  OLibffi:
    :git: "git@github.com:orzcrz/libffi.git"

CHECKOUT OPTIONS:
  OLibffi:
    :commit: d42aad44a53dbcf31e03b62363ee91d77284ce61
    :git: "git@github.com:orzcrz/libffi.git"

SPEC CHECKSUMS:
  OLibffi: 9def3683d3ed3ccf04f46c3be8e16b4039b23232

PODFILE CHECKSUM: 37cf38efae88aba8c680603cf080e5a33c751e59

COCOAPODS: 1.9.1
